{
  "name": "react-app-rewire-relay",
  "version": "0.2.0",
  "lockfileVersion": 1,
  "dependencies": {
    "babel-plugin-react-relay": {
      "version": "0.9.3",
      "resolved": "https://registry.npmjs.org/babel-plugin-react-relay/-/babel-plugin-react-relay-0.9.3.tgz",
      "integrity": "sha1-bFEtOWVIlPIybuS0IMWoXibux2A="
    },
    "babel-relay-plugin": {
      "version": "0.9.3",
      "resolved": "https://registry.npmjs.org/babel-relay-plugin/-/babel-relay-plugin-0.9.3.tgz",
      "integrity": "sha1-Tdkmk/aLAM0ctopwVHD4+c+u1dY="
    },
    "bindings": {
      "version": "1.2.1",
      "resolved": "https://registry.npmjs.org/bindings/-/bindings-1.2.1.tgz",
      "integrity": "sha1-FK1hE4EtLTfXLme0ystLtyZQXxE="
    },
    "deasync": {
      "version": "0.1.10",
      "resolved": "https://registry.npmjs.org/deasync/-/deasync-0.1.10.tgz",
      "integrity": "sha1-TkpoNvvgR3vV+Qgwi9KpZVfV1/4="
    },
    "encoding": {
      "version": "0.1.12",
      "resolved": "https://registry.npmjs.org/encoding/-/encoding-0.1.12.tgz",
      "integrity": "sha1-U4tm8+5izRq1HsMjgp0flIDHS+s="
    },
    "graphql": {
      "version": "0.6.2",
      "resolved": "https://registry.npmjs.org/graphql/-/graphql-0.6.2.tgz",
      "integrity": "sha1-Gc3LF+WGLWQ5agaE+S975k6Q568="
    },
    "graphql-config-parser": {
      "version": "1.2.1",
      "resolved": "https://registry.npmjs.org/graphql-config-parser/-/graphql-config-parser-1.2.1.tgz",
      "integrity": "sha1-dL6fkw0gGK/Bx4zXQGngT2n5ZNc=",
      "dependencies": {
        "graphql": {
          "version": "0.10.3",
          "resolved": "https://registry.npmjs.org/graphql/-/graphql-0.10.3.tgz",
          "integrity": "sha1-wxOv1VGOZzNRvuGPtj4qDkh0B6s="
        },
        "iterall": {
          "version": "1.1.1",
          "resolved": "https://registry.npmjs.org/iterall/-/iterall-1.1.1.tgz",
          "integrity": "sha1-9/CvEemgTsZCYmD1AZ2fzKTVAhQ="
        }
      }
    },
    "iconv-lite": {
      "version": "0.4.18",
      "resolved": "https://registry.npmjs.org/iconv-lite/-/iconv-lite-0.4.18.tgz",
      "integrity": "sha512-sr1ZQph3UwHTR0XftSbK85OvBbxe/abLGzEnPENCQwmHf7sck8Oyu4ob3LgBxWWxRoM+QszeUyl7jbqapu2TqA=="
    },
    "is-stream": {
      "version": "1.1.0",
      "resolved": "https://registry.npmjs.org/is-stream/-/is-stream-1.1.0.tgz",
      "integrity": "sha1-EtSj3U5o4Lec6428hBc66A2RykQ="
    },
    "iterall": {
      "version": "1.0.2",
      "resolved": "https://registry.npmjs.org/iterall/-/iterall-1.0.2.tgz",
      "integrity": "sha1-QaLpbOntpeYcdn7l3DEjc7sEbpE="
    },
    "nan": {
      "version": "2.6.2",
      "resolved": "https://registry.npmjs.org/nan/-/nan-2.6.2.tgz",
      "integrity": "sha1-5P805slf37WuzAjeZZb0NgWn20U="
    },
    "node-fetch": {
      "version": "1.7.1",
      "resolved": "https://registry.npmjs.org/node-fetch/-/node-fetch-1.7.1.tgz",
      "integrity": "sha512-j8XsFGCLw79vWXkZtMSmmLaOk9z5SQ9bV/tkbZVCqvgwzrjAGq66igobLofHtF63NvMTp2WjytpsNTGKa+XRIQ=="
    },
    "valid-url": {
      "version": "1.0.9",
      "resolved": "https://registry.npmjs.org/valid-url/-/valid-url-1.0.9.tgz",
      "integrity": "sha1-HBRHm0DxOXp1eC8RXkCGRHQzogA="
    }
  }
}
